Microsoft Visual Studio Solution File, Format Version 11.00
# Visual Studio 2008

Project("{CD425A6F-03AE-3298-D581-9139F3CE3C41}") = "proxemix", "Assembly-CSharp.csproj", "{49A5D635-12A1-F68E-295B-2316944AEA41}"
EndProject
Global
	GlobalSection(SolutionConfigurationPlatforms) = preSolution
		Debug|Any CPU = Debug|Any CPU
		Release|Any CPU = Release|Any CPU
	EndGlobalSection
	GlobalSection(ProjectConfigurationPlatforms) = postSolution
		{49A5D635-12A1-F68E-295B-2316944AEA41}.Debug|Any CPU.ActiveCfg = Debug|Any CPU
		{49A5D635-12A1-F68E-295B-2316944AEA41}.Debug|Any CPU.Build.0 = Debug|Any CPU
		{49A5D635-12A1-F68E-295B-2316944AEA41}.Release|Any CPU.ActiveCfg = Release|Any CPU
		{49A5D635-12A1-F68E-295B-2316944AEA41}.Release|Any CPU.Build.0 = Release|Any CPU
	EndGlobalSection
	GlobalSection(SolutionProperties) = preSolution
		HideSolutionNode = FALSE
	EndGlobalSection
	GlobalSection(MonoDevelopProperties) = preSolution
		StartupItem = Assembly-CSharp.csproj
	EndGlobalSection
EndGlobal
